
Microsoft Visual Studio Solution File, Format Version 12.00
# Visual Studio Version 17
VisualStudioVersion = 17.6.33815.320
MinimumVisualStudioVersion = 10.0.40219.1
Project("{2150E333-8FDC-42A3-9474-1A3956D46DE8}") = "Domain", "Domain", "{13DA33CC-0934-473F-A82B-51348994209B}"
EndProject
Project("{2150E333-8FDC-42A3-9474-1A3956D46DE8}") = "Infrastructure", "Infrastructure", "{419A9D09-6540-48F7-B97C-432591B0FADD}"
EndProject
Project("{9A19103F-16F7-4668-BE54-9A1E7A4F7556}") = "nh.qhatu.domain.core", "nh.qhatu.domain.core\nh.qhatu.domain.core.csproj", "{1B7E6DB6-290D-4EB2-94C6-D302A51AA47D}"
EndProject
Project("{9A19103F-16F7-4668-BE54-9A1E7A4F7556}") = "nh.qhatu.infrastructure.bus", "nh.qhatu.infrastructure.bus\nh.qhatu.infrastructure.bus.csproj", "{4AA735C1-A50D-4344-8B77-F081D06BBDC8}"
EndProject
Project("{2150E333-8FDC-42A3-9474-1A3956D46DE8}") = "Bus", "Bus", "{F08FA4DA-084C-48F2-BCAA-67BD01790495}"
EndProject
Project("{2150E333-8FDC-42A3-9474-1A3956D46DE8}") = "IoC", "IoC", "{EFA9F074-CDAE-4BDD-85B6-61A259A45B65}"
EndProject
Project("{9A19103F-16F7-4668-BE54-9A1E7A4F7556}") = "nh.qhatu.infrastructure.ioc", "nh.qhatu.infrastructure.ioc\nh.qhatu.infrastructure.ioc.csproj", "{11268005-D47F-4FA7-B7B4-2C8C23BD0B21}"
EndProject
Project("{2150E333-8FDC-42A3-9474-1A3956D46DE8}") = "Microservices", "Microservices", "{2D37710E-4C5B-4C74-A3E7-BF9FE1D6C4D2}"
EndProject
Project("{2150E333-8FDC-42A3-9474-1A3956D46DE8}") = "Common", "Common", "{4ADFB5B3-CB1C-43D3-A51F-973DAD99923B}"
EndProject
Project("{2150E333-8FDC-42A3-9474-1A3956D46DE8}") = "Presentation", "Presentation", "{5F402EDD-DB1F-4D53-BB45-623D91A1DFC0}"
EndProject
Project("{2150E333-8FDC-42A3-9474-1A3956D46DE8}") = "Application", "Application", "{9F77991A-B0B2-4CFB-B7D3-FA7839842F81}"
EndProject
Project("{2150E333-8FDC-42A3-9474-1A3956D46DE8}") = "Infrastructure", "Infrastructure", "{DD6D76AC-F3E1-482B-B26D-16DF7F3AFE2F}"
EndProject
Project("{2150E333-8FDC-42A3-9474-1A3956D46DE8}") = "Domain", "Domain", "{FD8F8438-1AA3-46D6-9791-4E8ED168AEBC}"
EndProject
Project("{9A19103F-16F7-4668-BE54-9A1E7A4F7556}") = "nh.qhatu.common.api", "nh.qhatu.common.api\nh.qhatu.common.api.csproj", "{BCA885B9-D1EB-4F7B-88D1-D25E1F7C3F43}"
EndProject
Project("{9A19103F-16F7-4668-BE54-9A1E7A4F7556}") = "nh.qhatu.common.domain", "nh.qhatu.common.domain\nh.qhatu.common.domain.csproj", "{760E9117-69EF-43F8-ACCF-69F54DE6D760}"
EndProject
Project("{9A19103F-16F7-4668-BE54-9A1E7A4F7556}") = "nh.qhatu.common.application", "nh.qhatu.common.application\nh.qhatu.common.application.csproj", "{F58D0BDE-7A64-4F66-B546-C22118E226F6}"
EndProject
Project("{9A19103F-16F7-4668-BE54-9A1E7A4F7556}") = "nh.qhatu.common.infrastructure", "nh.qhatu.common.infrastructure\nh.qhatu.common.infrastructure.csproj", "{FFA3092C-0E7F-4B98-A907-5A5030C41742}"
EndProject
Project("{2150E333-8FDC-42A3-9474-1A3956D46DE8}") = "Home Delivery", "Home Delivery", "{02981118-5113-4A5C-B0F0-B52D81533B35}"
EndProject
Project("{2150E333-8FDC-42A3-9474-1A3956D46DE8}") = "Customer", "Customer", "{664D209B-A7A2-47D2-BB4C-3B6F0CB833BE}"
EndProject
Project("{2150E333-8FDC-42A3-9474-1A3956D46DE8}") = "Omnichannel", "Omnichannel", "{1C543440-5AEF-46FD-B590-618E4FEAF4BF}"
EndProject
Project("{2150E333-8FDC-42A3-9474-1A3956D46DE8}") = "Presentation", "Presentation", "{6C4D2E98-46DC-4A8C-9A11-183630233F0A}"
EndProject
Project("{2150E333-8FDC-42A3-9474-1A3956D46DE8}") = "Infraestructure", "Infraestructure", "{EDB0EA45-874E-413C-AB9B-16EBB52DCFDE}"
EndProject
Project("{2150E333-8FDC-42A3-9474-1A3956D46DE8}") = "Domain", "Domain", "{BEC94A6D-EE0E-486E-96AA-DE0288CD6925}"
EndProject
Project("{2150E333-8FDC-42A3-9474-1A3956D46DE8}") = "Application", "Application", "{8D1D6880-05E2-4D91-8FCB-9172500DCCB8}"
EndProject
Project("{9A19103F-16F7-4668-BE54-9A1E7A4F7556}") = "nh.qhatu.customer.domain", "nh.qhatu.customer.domain\nh.qhatu.customer.domain.csproj", "{149CD76E-9DD5-47CA-8103-53AB753BE6A5}"
EndProject
Project("{9A19103F-16F7-4668-BE54-9A1E7A4F7556}") = "nh.qhatu.customer.infrastructure", "nh.qhatu.customer.infrastructure\nh.qhatu.customer.infrastructure.csproj", "{4201DE02-6CC0-43EC-B75A-0479BCDC8EA6}"
EndProject
Project("{9A19103F-16F7-4668-BE54-9A1E7A4F7556}") = "nh.qhatu.customer.application", "nh.qhatu.customer.application\nh.qhatu.customer.application.csproj", "{816E759F-2F48-41ED-9666-7E982C867050}"
EndProject
Project("{9A19103F-16F7-4668-BE54-9A1E7A4F7556}") = "nh.qhatu.customer.api", "nh.qhatu.customer.api\nh.qhatu.customer.api.csproj", "{26E10E9A-4BA7-4255-A5E1-40BBF830F714}"
EndProject
Project("{2150E333-8FDC-42A3-9474-1A3956D46DE8}") = "Application", "Application", "{0640FB74-F728-44A6-92BF-B72BDE5E4557}"
EndProject
Project("{2150E333-8FDC-42A3-9474-1A3956D46DE8}") = "Domain", "Domain", "{7754A419-1877-459A-B89B-1638B13086FB}"
EndProject
Project("{2150E333-8FDC-42A3-9474-1A3956D46DE8}") = "Infrastructure", "Infrastructure", "{AD009B8E-7EC8-49AF-8192-C4B08CD39916}"
EndProject
Project("{2150E333-8FDC-42A3-9474-1A3956D46DE8}") = "Presentation", "Presentation", "{3151423C-EB47-425A-82D1-C5EC2A6C3898}"
EndProject
Project("{9A19103F-16F7-4668-BE54-9A1E7A4F7556}") = "nh.qhatu.homedelivery.domain", "nh.qhatu.homedelivery.domain\nh.qhatu.homedelivery.domain.csproj", "{572A1D4D-C084-45D4-9A91-82CB336B0209}"
EndProject
Project("{9A19103F-16F7-4668-BE54-9A1E7A4F7556}") = "nh.qhatu.homedelivery.infrastructure", "nh.qhatu.homedelivery.infrastructure\nh.qhatu.homedelivery.infrastructure.csproj", "{66279038-0F14-4AC1-A3DD-AA4EFC70964B}"
EndProject
Project("{9A19103F-16F7-4668-BE54-9A1E7A4F7556}") = "nh.qhatu.homedelivery.application", "nh.qhatu.homedelivery.application\nh.qhatu.homedelivery.application.csproj", "{66C26399-F118-4BCA-ADD9-2437DD1F1DA0}"
EndProject
Project("{9A19103F-16F7-4668-BE54-9A1E7A4F7556}") = "nh.qhatu.homedelivery.api", "nh.qhatu.homedelivery.api\nh.qhatu.homedelivery.api.csproj", "{4547D60B-E3DE-4AE9-A8E6-65A3EA277ACC}"
EndProject
Project("{2150E333-8FDC-42A3-9474-1A3956D46DE8}") = "Application", "Application", "{24D11567-A220-4E7E-B497-0468F223E28A}"
EndProject
Project("{2150E333-8FDC-42A3-9474-1A3956D46DE8}") = "Domain", "Domain", "{2E07340D-261B-486C-961B-934D970D8D5B}"
EndProject
Project("{2150E333-8FDC-42A3-9474-1A3956D46DE8}") = "Infraestructure", "Infraestructure", "{72C85E17-F75B-41A0-B104-C1F109BDC636}"
EndProject
Project("{2150E333-8FDC-42A3-9474-1A3956D46DE8}") = "Presentation", "Presentation", "{42965907-B065-4236-BF26-D76D0323F035}"
EndProject
Project("{9A19103F-16F7-4668-BE54-9A1E7A4F7556}") = "nh.qhatu.omnichannel.domain", "nh.qhatu.omnichannel.domain\nh.qhatu.omnichannel.domain.csproj", "{1EBC4A3B-FD38-4EAB-91E6-519C562D4F2A}"
EndProject
Project("{9A19103F-16F7-4668-BE54-9A1E7A4F7556}") = "nh.qhatu.omnichannel.infrastructure", "nh.qhatu.omnichannel.infrastructure\nh.qhatu.omnichannel.infrastructure.csproj", "{9E130500-5838-4E41-A311-FA84DB2D073F}"
EndProject
Project("{9A19103F-16F7-4668-BE54-9A1E7A4F7556}") = "nh.qhatu.omnichannel.application", "nh.qhatu.omnichannel.application\nh.qhatu.omnichannel.application.csproj", "{B2B097A1-B259-4A85-B1B3-2432115678BD}"
EndProject
Project("{9A19103F-16F7-4668-BE54-9A1E7A4F7556}") = "nh.qhatu.omnichannel.api", "nh.qhatu.omnichannel.api\nh.qhatu.omnichannel.api.csproj", "{4D22DED1-B87C-43B3-9834-D773C87E0B19}"
EndProject
Project("{E53339B2-1760-4266-BCC7-CA923CBCF16C}") = "docker-compose", "docker-compose.dcproj", "{FBF8715E-312F-4B45-BD22-249898494E69}"
EndProject
Project("{2150E333-8FDC-42A3-9474-1A3956D46DE8}") = "API Gateway", "API Gateway", "{40D04131-2E89-4C00-9DCB-41F184A6C68F}"
EndProject
Project("{9A19103F-16F7-4668-BE54-9A1E7A4F7556}") = "nh.qhatu.api.gateway", "nh.qhatu.api.gateway\nh.qhatu.api.gateway.csproj", "{44214172-3EF4-4B4E-A72E-8697E286B0FE}"
EndProject
Project("{2150E333-8FDC-42A3-9474-1A3956D46DE8}") = "Security", "Security", "{FC44701B-AA23-4B08-9685-79DFAEBAFE6B}"
EndProject
Project("{9A19103F-16F7-4668-BE54-9A1E7A4F7556}") = "nh.qhatu.security.api", "nh.qhatu.security.api\nh.qhatu.security.api.csproj", "{34BD6803-DA01-417B-9CE5-4F0199837593}"
EndProject
Project("{2150E333-8FDC-42A3-9474-1A3956D46DE8}") = "Presentation", "Presentation", "{247DF507-BE9C-473E-BF3A-360F6A5F2E5D}"
EndProject
Project("{2150E333-8FDC-42A3-9474-1A3956D46DE8}") = "Domain", "Domain", "{92D9DCE1-B3EE-4898-BCFD-0633D178CED8}"
EndProject
Project("{2150E333-8FDC-42A3-9474-1A3956D46DE8}") = "Application", "Application", "{988A87B4-F53A-4E12-A90F-7722B77DBB8E}"
EndProject
Project("{2150E333-8FDC-42A3-9474-1A3956D46DE8}") = "Infrastructure", "Infrastructure", "{5C33E4B6-D47B-4DB7-BDCE-A81C6E741818}"
EndProject
Project("{9A19103F-16F7-4668-BE54-9A1E7A4F7556}") = "nh.qhatu.security.infrastructure", "nh.qhatu.security.infrastructure\nh.qhatu.security.infrastructure.csproj", "{95F30ACA-822C-4A0D-99F1-3814BDD894CF}"
EndProject
Project("{9A19103F-16F7-4668-BE54-9A1E7A4F7556}") = "nh.qhatu.security.domain", "nh.qhatu.security.domain\nh.qhatu.security.domain.csproj", "{C7C19D59-4F10-461C-9839-FE2CAAC89B6B}"
EndProject
Project("{9A19103F-16F7-4668-BE54-9A1E7A4F7556}") = "nh.qhatu.security.application", "nh.qhatu.security.application\nh.qhatu.security.application.csproj", "{CF81E851-302C-48EC-B892-73578C99303C}"
EndProject
Project("{2150E333-8FDC-42A3-9474-1A3956D46DE8}") = "Cross-Cutting", "Cross-Cutting", "{3EE08932-CF0F-4F23-BCF0-33589AFBD99D}"
EndProject
Project("{9A19103F-16F7-4668-BE54-9A1E7A4F7556}") = "nh.qhatu.infrasctructure.crosscutting", "nh.qhatu.infrasctructure.crosscutting\nh.qhatu.infrasctructure.crosscutting.csproj", "{EEF2B5C6-024A-4274-A2CC-5B4BDCF4E643}"
EndProject
Global
	GlobalSection(SolutionConfigurationPlatforms) = preSolution
		Debug|Any CPU = Debug|Any CPU
		Release|Any CPU = Release|Any CPU
	EndGlobalSection
	GlobalSection(ProjectConfigurationPlatforms) = postSolution
		{1B7E6DB6-290D-4EB2-94C6-D302A51AA47D}.Debug|Any CPU.ActiveCfg = Debug|Any CPU
		{1B7E6DB6-290D-4EB2-94C6-D302A51AA47D}.Debug|Any CPU.Build.0 = Debug|Any CPU
		{1B7E6DB6-290D-4EB2-94C6-D302A51AA47D}.Release|Any CPU.ActiveCfg = Release|Any CPU
		{1B7E6DB6-290D-4EB2-94C6-D302A51AA47D}.Release|Any CPU.Build.0 = Release|Any CPU
		{4AA735C1-A50D-4344-8B77-F081D06BBDC8}.Debug|Any CPU.ActiveCfg = Debug|Any CPU
		{4AA735C1-A50D-4344-8B77-F081D06BBDC8}.Debug|Any CPU.Build.0 = Debug|Any CPU
		{4AA735C1-A50D-4344-8B77-F081D06BBDC8}.Release|Any CPU.ActiveCfg = Release|Any CPU
		{4AA735C1-A50D-4344-8B77-F081D06BBDC8}.Release|Any CPU.Build.0 = Release|Any CPU
		{11268005-D47F-4FA7-B7B4-2C8C23BD0B21}.Debug|Any CPU.ActiveCfg = Debug|Any CPU
		{11268005-D47F-4FA7-B7B4-2C8C23BD0B21}.Debug|Any CPU.Build.0 = Debug|Any CPU
		{11268005-D47F-4FA7-B7B4-2C8C23BD0B21}.Release|Any CPU.ActiveCfg = Release|Any CPU
		{11268005-D47F-4FA7-B7B4-2C8C23BD0B21}.Release|Any CPU.Build.0 = Release|Any CPU
		{BCA885B9-D1EB-4F7B-88D1-D25E1F7C3F43}.Debug|Any CPU.ActiveCfg = Debug|Any CPU
		{BCA885B9-D1EB-4F7B-88D1-D25E1F7C3F43}.Debug|Any CPU.Build.0 = Debug|Any CPU
		{BCA885B9-D1EB-4F7B-88D1-D25E1F7C3F43}.Release|Any CPU.ActiveCfg = Release|Any CPU
		{BCA885B9-D1EB-4F7B-88D1-D25E1F7C3F43}.Release|Any CPU.Build.0 = Release|Any CPU
		{760E9117-69EF-43F8-ACCF-69F54DE6D760}.Debug|Any CPU.ActiveCfg = Debug|Any CPU
		{760E9117-69EF-43F8-ACCF-69F54DE6D760}.Debug|Any CPU.Build.0 = Debug|Any CPU
		{760E9117-69EF-43F8-ACCF-69F54DE6D760}.Release|Any CPU.ActiveCfg = Release|Any CPU
		{760E9117-69EF-43F8-ACCF-69F54DE6D760}.Release|Any CPU.Build.0 = Release|Any CPU
		{F58D0BDE-7A64-4F66-B546-C22118E226F6}.Debug|Any CPU.ActiveCfg = Debug|Any CPU
		{F58D0BDE-7A64-4F66-B546-C22118E226F6}.Debug|Any CPU.Build.0 = Debug|Any CPU
		{F58D0BDE-7A64-4F66-B546-C22118E226F6}.Release|Any CPU.ActiveCfg = Release|Any CPU
		{F58D0BDE-7A64-4F66-B546-C22118E226F6}.Release|Any CPU.Build.0 = Release|Any CPU
		{FFA3092C-0E7F-4B98-A907-5A5030C41742}.Debug|Any CPU.ActiveCfg = Debug|Any CPU
		{FFA3092C-0E7F-4B98-A907-5A5030C41742}.Debug|Any CPU.Build.0 = Debug|Any CPU
		{FFA3092C-0E7F-4B98-A907-5A5030C41742}.Release|Any CPU.ActiveCfg = Release|Any CPU
		{FFA3092C-0E7F-4B98-A907-5A5030C41742}.Release|Any CPU.Build.0 = Release|Any CPU
		{149CD76E-9DD5-47CA-8103-53AB753BE6A5}.Debug|Any CPU.ActiveCfg = Debug|Any CPU
		{149CD76E-9DD5-47CA-8103-53AB753BE6A5}.Debug|Any CPU.Build.0 = Debug|Any CPU
		{149CD76E-9DD5-47CA-8103-53AB753BE6A5}.Release|Any CPU.ActiveCfg = Release|Any CPU
		{149CD76E-9DD5-47CA-8103-53AB753BE6A5}.Release|Any CPU.Build.0 = Release|Any CPU
		{4201DE02-6CC0-43EC-B75A-0479BCDC8EA6}.Debug|Any CPU.ActiveCfg = Debug|Any CPU
		{4201DE02-6CC0-43EC-B75A-0479BCDC8EA6}.Debug|Any CPU.Build.0 = Debug|Any CPU
		{4201DE02-6CC0-43EC-B75A-0479BCDC8EA6}.Release|Any CPU.ActiveCfg = Release|Any CPU
		{4201DE02-6CC0-43EC-B75A-0479BCDC8EA6}.Release|Any CPU.Build.0 = Release|Any CPU
		{816E759F-2F48-41ED-9666-7E982C867050}.Debug|Any CPU.ActiveCfg = Debug|Any CPU
		{816E759F-2F48-41ED-9666-7E982C867050}.Debug|Any CPU.Build.0 = Debug|Any CPU
		{816E759F-2F48-41ED-9666-7E982C867050}.Release|Any CPU.ActiveCfg = Release|Any CPU
		{816E759F-2F48-41ED-9666-7E982C867050}.Release|Any CPU.Build.0 = Release|Any CPU
		{26E10E9A-4BA7-4255-A5E1-40BBF830F714}.Debug|Any CPU.ActiveCfg = Debug|Any CPU
		{26E10E9A-4BA7-4255-A5E1-40BBF830F714}.Debug|Any CPU.Build.0 = Debug|Any CPU
		{26E10E9A-4BA7-4255-A5E1-40BBF830F714}.Release|Any CPU.ActiveCfg = Release|Any CPU
		{26E10E9A-4BA7-4255-A5E1-40BBF830F714}.Release|Any CPU.Build.0 = Release|Any CPU
		{572A1D4D-C084-45D4-9A91-82CB336B0209}.Debug|Any CPU.ActiveCfg = Debug|Any CPU
		{572A1D4D-C084-45D4-9A91-82CB336B0209}.Debug|Any CPU.Build.0 = Debug|Any CPU
		{572A1D4D-C084-45D4-9A91-82CB336B0209}.Release|Any CPU.ActiveCfg = Release|Any CPU
		{572A1D4D-C084-45D4-9A91-82CB336B0209}.Release|Any CPU.Build.0 = Release|Any CPU
		{66279038-0F14-4AC1-A3DD-AA4EFC70964B}.Debug|Any CPU.ActiveCfg = Debug|Any CPU
		{66279038-0F14-4AC1-A3DD-AA4EFC70964B}.Debug|Any CPU.Build.0 = Debug|Any CPU
		{66279038-0F14-4AC1-A3DD-AA4EFC70964B}.Release|Any CPU.ActiveCfg = Release|Any CPU
		{66279038-0F14-4AC1-A3DD-AA4EFC70964B}.Release|Any CPU.Build.0 = Release|Any CPU
		{66C26399-F118-4BCA-ADD9-2437DD1F1DA0}.Debug|Any CPU.ActiveCfg = Debug|Any CPU
		{66C26399-F118-4BCA-ADD9-2437DD1F1DA0}.Debug|Any CPU.Build.0 = Debug|Any CPU
		{66C26399-F118-4BCA-ADD9-2437DD1F1DA0}.Release|Any CPU.ActiveCfg = Release|Any CPU
		{66C26399-F118-4BCA-ADD9-2437DD1F1DA0}.Release|Any CPU.Build.0 = Release|Any CPU
		{4547D60B-E3DE-4AE9-A8E6-65A3EA277ACC}.Debug|Any CPU.ActiveCfg = Debug|Any CPU
		{4547D60B-E3DE-4AE9-A8E6-65A3EA277ACC}.Debug|Any CPU.Build.0 = Debug|Any CPU
		{4547D60B-E3DE-4AE9-A8E6-65A3EA277ACC}.Release|Any CPU.ActiveCfg = Release|Any CPU
		{4547D60B-E3DE-4AE9-A8E6-65A3EA277ACC}.Release|Any CPU.Build.0 = Release|Any CPU
		{1EBC4A3B-FD38-4EAB-91E6-519C562D4F2A}.Debug|Any CPU.ActiveCfg = Debug|Any CPU
		{1EBC4A3B-FD38-4EAB-91E6-519C562D4F2A}.Debug|Any CPU.Build.0 = Debug|Any CPU
		{1EBC4A3B-FD38-4EAB-91E6-519C562D4F2A}.Release|Any CPU.ActiveCfg = Release|Any CPU
		{1EBC4A3B-FD38-4EAB-91E6-519C562D4F2A}.Release|Any CPU.Build.0 = Release|Any CPU
		{9E130500-5838-4E41-A311-FA84DB2D073F}.Debug|Any CPU.ActiveCfg = Debug|Any CPU
		{9E130500-5838-4E41-A311-FA84DB2D073F}.Debug|Any CPU.Build.0 = Debug|Any CPU
		{9E130500-5838-4E41-A311-FA84DB2D073F}.Release|Any CPU.ActiveCfg = Release|Any CPU
		{9E130500-5838-4E41-A311-FA84DB2D073F}.Release|Any CPU.Build.0 = Release|Any CPU
		{B2B097A1-B259-4A85-B1B3-2432115678BD}.Debug|Any CPU.ActiveCfg = Debug|Any CPU
		{B2B097A1-B259-4A85-B1B3-2432115678BD}.Debug|Any CPU.Build.0 = Debug|Any CPU
		{B2B097A1-B259-4A85-B1B3-2432115678BD}.Release|Any CPU.ActiveCfg = Release|Any CPU
		{B2B097A1-B259-4A85-B1B3-2432115678BD}.Release|Any CPU.Build.0 = Release|Any CPU
		{4D22DED1-B87C-43B3-9834-D773C87E0B19}.Debug|Any CPU.ActiveCfg = Debug|Any CPU
		{4D22DED1-B87C-43B3-9834-D773C87E0B19}.Debug|Any CPU.Build.0 = Debug|Any CPU
		{4D22DED1-B87C-43B3-9834-D773C87E0B19}.Release|Any CPU.ActiveCfg = Release|Any CPU
		{4D22DED1-B87C-43B3-9834-D773C87E0B19}.Release|Any CPU.Build.0 = Release|Any CPU
		{FBF8715E-312F-4B45-BD22-249898494E69}.Debug|Any CPU.ActiveCfg = Debug|Any CPU
		{FBF8715E-312F-4B45-BD22-249898494E69}.Debug|Any CPU.Build.0 = Debug|Any CPU
		{FBF8715E-312F-4B45-BD22-249898494E69}.Release|Any CPU.ActiveCfg = Release|Any CPU
		{FBF8715E-312F-4B45-BD22-249898494E69}.Release|Any CPU.Build.0 = Release|Any CPU
		{44214172-3EF4-4B4E-A72E-8697E286B0FE}.Debug|Any CPU.ActiveCfg = Debug|Any CPU
		{44214172-3EF4-4B4E-A72E-8697E286B0FE}.Debug|Any CPU.Build.0 = Debug|Any CPU
		{44214172-3EF4-4B4E-A72E-8697E286B0FE}.Release|Any CPU.ActiveCfg = Release|Any CPU
		{44214172-3EF4-4B4E-A72E-8697E286B0FE}.Release|Any CPU.Build.0 = Release|Any CPU
		{34BD6803-DA01-417B-9CE5-4F0199837593}.Debug|Any CPU.ActiveCfg = Debug|Any CPU
		{34BD6803-DA01-417B-9CE5-4F0199837593}.Debug|Any CPU.Build.0 = Debug|Any CPU
		{34BD6803-DA01-417B-9CE5-4F0199837593}.Release|Any CPU.ActiveCfg = Release|Any CPU
		{34BD6803-DA01-417B-9CE5-4F0199837593}.Release|Any CPU.Build.0 = Release|Any CPU
		{95F30ACA-822C-4A0D-99F1-3814BDD894CF}.Debug|Any CPU.ActiveCfg = Debug|Any CPU
		{95F30ACA-822C-4A0D-99F1-3814BDD894CF}.Debug|Any CPU.Build.0 = Debug|Any CPU
		{95F30ACA-822C-4A0D-99F1-3814BDD894CF}.Release|Any CPU.ActiveCfg = Release|Any CPU
		{95F30ACA-822C-4A0D-99F1-3814BDD894CF}.Release|Any CPU.Build.0 = Release|Any CPU
		{C7C19D59-4F10-461C-9839-FE2CAAC89B6B}.Debug|Any CPU.ActiveCfg = Debug|Any CPU
		{C7C19D59-4F10-461C-9839-FE2CAAC89B6B}.Debug|Any CPU.Build.0 = Debug|Any CPU
		{C7C19D59-4F10-461C-9839-FE2CAAC89B6B}.Release|Any CPU.ActiveCfg = Release|Any CPU
		{C7C19D59-4F10-461C-9839-FE2CAAC89B6B}.Release|Any CPU.Build.0 = Release|Any CPU
		{CF81E851-302C-48EC-B892-73578C99303C}.Debug|Any CPU.ActiveCfg = Debug|Any CPU
		{CF81E851-302C-48EC-B892-73578C99303C}.Debug|Any CPU.Build.0 = Debug|Any CPU
		{CF81E851-302C-48EC-B892-73578C99303C}.Release|Any CPU.ActiveCfg = Release|Any CPU
		{CF81E851-302C-48EC-B892-73578C99303C}.Release|Any CPU.Build.0 = Release|Any CPU
		{EEF2B5C6-024A-4274-A2CC-5B4BDCF4E643}.Debug|Any CPU.ActiveCfg = Debug|Any CPU
		{EEF2B5C6-024A-4274-A2CC-5B4BDCF4E643}.Debug|Any CPU.Build.0 = Debug|Any CPU
		{EEF2B5C6-024A-4274-A2CC-5B4BDCF4E643}.Release|Any CPU.ActiveCfg = Release|Any CPU
		{EEF2B5C6-024A-4274-A2CC-5B4BDCF4E643}.Release|Any CPU.Build.0 = Release|Any CPU
	EndGlobalSection
	GlobalSection(SolutionProperties) = preSolution
		HideSolutionNode = FALSE
	EndGlobalSection
	GlobalSection(NestedProjects) = preSolution
		{1B7E6DB6-290D-4EB2-94C6-D302A51AA47D} = {13DA33CC-0934-473F-A82B-51348994209B}
		{4AA735C1-A50D-4344-8B77-F081D06BBDC8} = {F08FA4DA-084C-48F2-BCAA-67BD01790495}
		{F08FA4DA-084C-48F2-BCAA-67BD01790495} = {419A9D09-6540-48F7-B97C-432591B0FADD}
		{EFA9F074-CDAE-4BDD-85B6-61A259A45B65} = {419A9D09-6540-48F7-B97C-432591B0FADD}
		{11268005-D47F-4FA7-B7B4-2C8C23BD0B21} = {EFA9F074-CDAE-4BDD-85B6-61A259A45B65}
		{4ADFB5B3-CB1C-43D3-A51F-973DAD99923B} = {2D37710E-4C5B-4C74-A3E7-BF9FE1D6C4D2}
		{5F402EDD-DB1F-4D53-BB45-623D91A1DFC0} = {4ADFB5B3-CB1C-43D3-A51F-973DAD99923B}
		{9F77991A-B0B2-4CFB-B7D3-FA7839842F81} = {4ADFB5B3-CB1C-43D3-A51F-973DAD99923B}
		{DD6D76AC-F3E1-482B-B26D-16DF7F3AFE2F} = {4ADFB5B3-CB1C-43D3-A51F-973DAD99923B}
		{FD8F8438-1AA3-46D6-9791-4E8ED168AEBC} = {4ADFB5B3-CB1C-43D3-A51F-973DAD99923B}
		{BCA885B9-D1EB-4F7B-88D1-D25E1F7C3F43} = {5F402EDD-DB1F-4D53-BB45-623D91A1DFC0}
		{760E9117-69EF-43F8-ACCF-69F54DE6D760} = {FD8F8438-1AA3-46D6-9791-4E8ED168AEBC}
		{F58D0BDE-7A64-4F66-B546-C22118E226F6} = {9F77991A-B0B2-4CFB-B7D3-FA7839842F81}
		{FFA3092C-0E7F-4B98-A907-5A5030C41742} = {DD6D76AC-F3E1-482B-B26D-16DF7F3AFE2F}
		{02981118-5113-4A5C-B0F0-B52D81533B35} = {2D37710E-4C5B-4C74-A3E7-BF9FE1D6C4D2}
		{664D209B-A7A2-47D2-BB4C-3B6F0CB833BE} = {2D37710E-4C5B-4C74-A3E7-BF9FE1D6C4D2}
		{1C543440-5AEF-46FD-B590-618E4FEAF4BF} = {2D37710E-4C5B-4C74-A3E7-BF9FE1D6C4D2}
		{6C4D2E98-46DC-4A8C-9A11-183630233F0A} = {664D209B-A7A2-47D2-BB4C-3B6F0CB833BE}
		{EDB0EA45-874E-413C-AB9B-16EBB52DCFDE} = {664D209B-A7A2-47D2-BB4C-3B6F0CB833BE}
		{BEC94A6D-EE0E-486E-96AA-DE0288CD6925} = {664D209B-A7A2-47D2-BB4C-3B6F0CB833BE}
		{8D1D6880-05E2-4D91-8FCB-9172500DCCB8} = {664D209B-A7A2-47D2-BB4C-3B6F0CB833BE}
		{149CD76E-9DD5-47CA-8103-53AB753BE6A5} = {BEC94A6D-EE0E-486E-96AA-DE0288CD6925}
		{4201DE02-6CC0-43EC-B75A-0479BCDC8EA6} = {EDB0EA45-874E-413C-AB9B-16EBB52DCFDE}
		{816E759F-2F48-41ED-9666-7E982C867050} = {8D1D6880-05E2-4D91-8FCB-9172500DCCB8}
		{26E10E9A-4BA7-4255-A5E1-40BBF830F714} = {6C4D2E98-46DC-4A8C-9A11-183630233F0A}
		{0640FB74-F728-44A6-92BF-B72BDE5E4557} = {02981118-5113-4A5C-B0F0-B52D81533B35}
		{7754A419-1877-459A-B89B-1638B13086FB} = {02981118-5113-4A5C-B0F0-B52D81533B35}
		{AD009B8E-7EC8-49AF-8192-C4B08CD39916} = {02981118-5113-4A5C-B0F0-B52D81533B35}
		{3151423C-EB47-425A-82D1-C5EC2A6C3898} = {02981118-5113-4A5C-B0F0-B52D81533B35}
		{572A1D4D-C084-45D4-9A91-82CB336B0209} = {7754A419-1877-459A-B89B-1638B13086FB}
		{66279038-0F14-4AC1-A3DD-AA4EFC70964B} = {AD009B8E-7EC8-49AF-8192-C4B08CD39916}
		{66C26399-F118-4BCA-ADD9-2437DD1F1DA0} = {0640FB74-F728-44A6-92BF-B72BDE5E4557}
		{4547D60B-E3DE-4AE9-A8E6-65A3EA277ACC} = {3151423C-EB47-425A-82D1-C5EC2A6C3898}
		{24D11567-A220-4E7E-B497-0468F223E28A} = {1C543440-5AEF-46FD-B590-618E4FEAF4BF}
		{2E07340D-261B-486C-961B-934D970D8D5B} = {1C543440-5AEF-46FD-B590-618E4FEAF4BF}
		{72C85E17-F75B-41A0-B104-C1F109BDC636} = {1C543440-5AEF-46FD-B590-618E4FEAF4BF}
		{42965907-B065-4236-BF26-D76D0323F035} = {1C543440-5AEF-46FD-B590-618E4FEAF4BF}
		{1EBC4A3B-FD38-4EAB-91E6-519C562D4F2A} = {2E07340D-261B-486C-961B-934D970D8D5B}
		{9E130500-5838-4E41-A311-FA84DB2D073F} = {72C85E17-F75B-41A0-B104-C1F109BDC636}
		{B2B097A1-B259-4A85-B1B3-2432115678BD} = {24D11567-A220-4E7E-B497-0468F223E28A}
		{4D22DED1-B87C-43B3-9834-D773C87E0B19} = {42965907-B065-4236-BF26-D76D0323F035}
		{44214172-3EF4-4B4E-A72E-8697E286B0FE} = {40D04131-2E89-4C00-9DCB-41F184A6C68F}
		{FC44701B-AA23-4B08-9685-79DFAEBAFE6B} = {2D37710E-4C5B-4C74-A3E7-BF9FE1D6C4D2}
		{34BD6803-DA01-417B-9CE5-4F0199837593} = {247DF507-BE9C-473E-BF3A-360F6A5F2E5D}
		{247DF507-BE9C-473E-BF3A-360F6A5F2E5D} = {FC44701B-AA23-4B08-9685-79DFAEBAFE6B}
		{92D9DCE1-B3EE-4898-BCFD-0633D178CED8} = {FC44701B-AA23-4B08-9685-79DFAEBAFE6B}
		{988A87B4-F53A-4E12-A90F-7722B77DBB8E} = {FC44701B-AA23-4B08-9685-79DFAEBAFE6B}
		{5C33E4B6-D47B-4DB7-BDCE-A81C6E741818} = {FC44701B-AA23-4B08-9685-79DFAEBAFE6B}
		{95F30ACA-822C-4A0D-99F1-3814BDD894CF} = {5C33E4B6-D47B-4DB7-BDCE-A81C6E741818}
		{C7C19D59-4F10-461C-9839-FE2CAAC89B6B} = {92D9DCE1-B3EE-4898-BCFD-0633D178CED8}
		{CF81E851-302C-48EC-B892-73578C99303C} = {988A87B4-F53A-4E12-A90F-7722B77DBB8E}
		{3EE08932-CF0F-4F23-BCF0-33589AFBD99D} = {419A9D09-6540-48F7-B97C-432591B0FADD}
		{EEF2B5C6-024A-4274-A2CC-5B4BDCF4E643} = {3EE08932-CF0F-4F23-BCF0-33589AFBD99D}
	EndGlobalSection
	GlobalSection(ExtensibilityGlobals) = postSolution
		SolutionGuid = {09F10172-4652-4676-B5D2-4AAB870B26C6}
	EndGlobalSection
EndGlobal
